// !$*UTF8*$!
{
	archiveVersion = 1;
	classes = {
	};
	objectVersion = 56;
	objects = {

/* Begin PBXBuildFile section */
		04A2140F2A7C2D61006FE231 /* AppDelegate.swift in Sources */ = {isa = PBXBuildFile; fileRef = 04A2140E2A7C2D61006FE231 /* AppDelegate.swift */; };
		04A214112A7C2D61006FE231 /* SceneDelegate.swift in Sources */ = {isa = PBXBuildFile; fileRef = 04A214102A7C2D61006FE231 /* SceneDelegate.swift */; };
		04A214132A7C2D61006FE231 /* MainScreenViewController.swift in Sources */ = {isa = PBXBuildFile; fileRef = 04A214122A7C2D61006FE231 /* MainScreenViewController.swift */; };
		04A214182A7C2D64006FE231 /* Assets.xcassets in Resources */ = {isa = PBXBuildFile; fileRef = 04A214172A7C2D64006FE231 /* Assets.xcassets */; };
		04A2141B2A7C2D64006FE231 /* LaunchScreen.storyboard in Resources */ = {isa = PBXBuildFile; fileRef = 04A214192A7C2D64006FE231 /* LaunchScreen.storyboard */; };
		04A214282A7C30ED006FE231 /* MainScreenView.swift in Sources */ = {isa = PBXBuildFile; fileRef = 04A214272A7C30ED006FE231 /* MainScreenView.swift */; };
		04A2142B2A7C35EF006FE231 /* CarsLogoCollectionView.swift in Sources */ = {isa = PBXBuildFile; fileRef = 04A2142A2A7C35EF006FE231 /* CarsLogoCollectionView.swift */; };
		04A2142D2A7C366E006FE231 /* CarsLogoCollectionViewFlowLayout.swift in Sources */ = {isa = PBXBuildFile; fileRef = 04A2142C2A7C366E006FE231 /* CarsLogoCollectionViewFlowLayout.swift */; };
		04A2142F2A7C373B006FE231 /* CarsLogoCell.swift in Sources */ = {isa = PBXBuildFile; fileRef = 04A2142E2A7C373B006FE231 /* CarsLogoCell.swift */; };
		04A214322A7C3FB6006FE231 /* CarsColletcionView.swift in Sources */ = {isa = PBXBuildFile; fileRef = 04A214312A7C3FB6006FE231 /* CarsColletcionView.swift */; };
		04A214342A7C4009006FE231 /* CarsCollectionViewFlowLayout.swift in Sources */ = {isa = PBXBuildFile; fileRef = 04A214332A7C4009006FE231 /* CarsCollectionViewFlowLayout.swift */; };
		04A214362A7C40A2006FE231 /* CarsCell.swift in Sources */ = {isa = PBXBuildFile; fileRef = 04A214352A7C40A2006FE231 /* CarsCell.swift */; };
		04A214392A7C40EF006FE231 /* CarsModel.swift in Sources */ = {isa = PBXBuildFile; fileRef = 04A214382A7C40EF006FE231 /* CarsModel.swift */; };
		04A2143C2A7C494B006FE231 /* BaseLabel.swift in Sources */ = {isa = PBXBuildFile; fileRef = 04A2143B2A7C494B006FE231 /* BaseLabel.swift */; };
		04A214402A7D851A006FE231 /* MokCars.swift in Sources */ = {isa = PBXBuildFile; fileRef = 04A2143F2A7D851A006FE231 /* MokCars.swift */; };
		04A214452A7D9C58006FE231 /* DetailsViewController.swift in Sources */ = {isa = PBXBuildFile; fileRef = 04A214442A7D9C58006FE231 /* DetailsViewController.swift */; };
		04A214472A7D9C93006FE231 /* DetailsView.swift in Sources */ = {isa = PBXBuildFile; fileRef = 04A214462A7D9C93006FE231 /* DetailsView.swift */; };
		04A2144A2A7DA3FA006FE231 /* ImagesCollectionView.swift in Sources */ = {isa = PBXBuildFile; fileRef = 04A214492A7DA3FA006FE231 /* ImagesCollectionView.swift */; };
		04A2144C2A7DA435006FE231 /* ImagesCollectionViewFlowLayout.swift in Sources */ = {isa = PBXBuildFile; fileRef = 04A2144B2A7DA435006FE231 /* ImagesCollectionViewFlowLayout.swift */; };
		04A2144E2A7DA47F006FE231 /* ImagesCell.swift in Sources */ = {isa = PBXBuildFile; fileRef = 04A2144D2A7DA47F006FE231 /* ImagesCell.swift */; };
/* End PBXBuildFile section */

/* Begin PBXFileReference section */
		04A2140B2A7C2D61006FE231 /* CarsMarketApp_TestTask.app */ = {isa = PBXFileReference; explicitFileType = wrapper.application; includeInIndex = 0; path = CarsMarketApp_TestTask.app; sourceTree = BUILT_PRODUCTS_DIR; };
		04A2140E2A7C2D61006FE231 /* AppDelegate.swift */ = {isa = PBXFileReference; lastKnownFileType = sourcecode.swift; path = AppDelegate.swift; sourceTree = "<group>"; };
		04A214102A7C2D61006FE231 /* SceneDelegate.swift */ = {isa = PBXFileReference; lastKnownFileType = sourcecode.swift; path = SceneDelegate.swift; sourceTree = "<group>"; };
		04A214122A7C2D61006FE231 /* MainScreenViewController.swift */ = {isa = PBXFileReference; lastKnownFileType = sourcecode.swift; path = MainScreenViewController.swift; sourceTree = "<group>"; };
		04A214172A7C2D64006FE231 /* Assets.xcassets */ = {isa = PBXFileReference; lastKnownFileType = folder.assetcatalog; path = Assets.xcassets; sourceTree = "<group>"; };
		04A2141A2A7C2D64006FE231 /* Base */ = {isa = PBXFileReference; lastKnownFileType = file.storyboard; name = Base; path = Base.lproj/LaunchScreen.storyboard; sourceTree = "<group>"; };
		04A2141C2A7C2D64006FE231 /* Info.plist */ = {isa = PBXFileReference; lastKnownFileType = text.plist.xml; path = Info.plist; sourceTree = "<group>"; };
		04A214272A7C30ED006FE231 /* MainScreenView.swift */ = {isa = PBXFileReference; lastKnownFileType = sourcecode.swift; path = MainScreenView.swift; sourceTree = "<group>"; };
		04A2142A2A7C35EF006FE231 /* CarsLogoCollectionView.swift */ = {isa = PBXFileReference; lastKnownFileType = sourcecode.swift; path = CarsLogoCollectionView.swift; sourceTree = "<group>"; };
		04A2142C2A7C366E006FE231 /* CarsLogoCollectionViewFlowLayout.swift */ = {isa = PBXFileReference; lastKnownFileType = sourcecode.swift; path = CarsLogoCollectionViewFlowLayout.swift; sourceTree = "<group>"; };
		04A2142E2A7C373B006FE231 /* CarsLogoCell.swift */ = {isa = PBXFileReference; lastKnownFileType = sourcecode.swift; path = CarsLogoCell.swift; sourceTree = "<group>"; };
		04A214312A7C3FB6006FE231 /* CarsColletcionView.swift */ = {isa = PBXFileReference; lastKnownFileType = sourcecode.swift; path = CarsColletcionView.swift; sourceTree = "<group>"; };
		04A214332A7C4009006FE231 /* CarsCollectionViewFlowLayout.swift */ = {isa = PBXFileReference; lastKnownFileType = sourcecode.swift; path = CarsCollectionViewFlowLayout.swift; sourceTree = "<group>"; };
		04A214352A7C40A2006FE231 /* CarsCell.swift */ = {isa = PBXFileReference; lastKnownFileType = sourcecode.swift; path = CarsCell.swift; sourceTree = "<group>"; };
		04A214382A7C40EF006FE231 /* CarsModel.swift */ = {isa = PBXFileReference; lastKnownFileType = sourcecode.swift; path = CarsModel.swift; sourceTree = "<group>"; };
		04A2143B2A7C494B006FE231 /* BaseLabel.swift */ = {isa = PBXFileReference; lastKnownFileType = sourcecode.swift; path = BaseLabel.swift; sourceTree = "<group>"; };
		04A2143F2A7D851A006FE231 /* MokCars.swift */ = {isa = PBXFileReference; lastKnownFileType = sourcecode.swift; path = MokCars.swift; sourceTree = "<group>"; };
		04A214442A7D9C58006FE231 /* DetailsViewController.swift */ = {isa = PBXFileReference; lastKnownFileType = sourcecode.swift; path = DetailsViewController.swift; sourceTree = "<group>"; };
		04A214462A7D9C93006FE231 /* DetailsView.swift */ = {isa = PBXFileReference; lastKnownFileType = sourcecode.swift; path = DetailsView.swift; sourceTree = "<group>"; };
		04A214492A7DA3FA006FE231 /* ImagesCollectionView.swift */ = {isa = PBXFileReference; lastKnownFileType = sourcecode.swift; path = ImagesCollectionView.swift; sourceTree = "<group>"; };
		04A2144B2A7DA435006FE231 /* ImagesCollectionViewFlowLayout.swift */ = {isa = PBXFileReference; lastKnownFileType = sourcecode.swift; path = ImagesCollectionViewFlowLayout.swift; sourceTree = "<group>"; };
		04A2144D2A7DA47F006FE231 /* ImagesCell.swift */ = {isa = PBXFileReference; lastKnownFileType = sourcecode.swift; path = ImagesCell.swift; sourceTree = "<group>"; };
/* End PBXFileReference section */

/* Begin PBXFrameworksBuildPhase section */
		04A214082A7C2D61006FE231 /* Frameworks */ = {
			isa = PBXFrameworksBuildPhase;
			buildActionMask = 2147483647;
			files = (
			);
			runOnlyForDeploymentPostprocessing = 0;
		};
/* End PBXFrameworksBuildPhase section */

/* Begin PBXGroup section */
		04A214022A7C2D61006FE231 = {
			isa = PBXGroup;
			children = (
				04A2140D2A7C2D61006FE231 /* CarsMarketApp_TestTask */,
				04A2140C2A7C2D61006FE231 /* Products */,
			);
			sourceTree = "<group>";
		};
		04A2140C2A7C2D61006FE231 /* Products */ = {
			isa = PBXGroup;
			children = (
				04A2140B2A7C2D61006FE231 /* CarsMarketApp_TestTask.app */,
			);
			name = Products;
			sourceTree = "<group>";
		};
		04A2140D2A7C2D61006FE231 /* CarsMarketApp_TestTask */ = {
			isa = PBXGroup;
			children = (
				04A2143A2A7C4927006FE231 /* BaseElementUI */,
				04A214372A7C40E1006FE231 /* Models */,
				04A214232A7C2FBC006FE231 /* Modules */,
				04A214222A7C2EF9006FE231 /* Resousres */,
				04A214172A7C2D64006FE231 /* Assets.xcassets */,
				04A214192A7C2D64006FE231 /* LaunchScreen.storyboard */,
				04A2141C2A7C2D64006FE231 /* Info.plist */,
			);
			path = CarsMarketApp_TestTask;
			sourceTree = "<group>";
		};
		04A214222A7C2EF9006FE231 /* Resousres */ = {
			isa = PBXGroup;
			children = (
				04A2140E2A7C2D61006FE231 /* AppDelegate.swift */,
				04A214102A7C2D61006FE231 /* SceneDelegate.swift */,
			);
			path = Resousres;
			sourceTree = "<group>";
		};
		04A214232A7C2FBC006FE231 /* Modules */ = {
			isa = PBXGroup;
			children = (
				04A214412A7D9BEA006FE231 /* DetailsScreen */,
				04A214242A7C2FC9006FE231 /* MainScreen */,
			);
			path = Modules;
			sourceTree = "<group>";
		};
		04A214242A7C2FC9006FE231 /* MainScreen */ = {
			isa = PBXGroup;
			children = (
				04A214262A7C2FDC006FE231 /* View */,
				04A214252A7C2FD1006FE231 /* Controller */,
			);
			path = MainScreen;
			sourceTree = "<group>";
		};
		04A214252A7C2FD1006FE231 /* Controller */ = {
			isa = PBXGroup;
			children = (
				04A214122A7C2D61006FE231 /* MainScreenViewController.swift */,
			);
			path = Controller;
			sourceTree = "<group>";
		};
		04A214262A7C2FDC006FE231 /* View */ = {
			isa = PBXGroup;
			children = (
				04A214302A7C3F9E006FE231 /* CarsCollectionView */,
				04A214292A7C35D2006FE231 /* CarsLogoCollectionView */,
				04A214272A7C30ED006FE231 /* MainScreenView.swift */,
			);
			path = View;
			sourceTree = "<group>";
		};
		04A214292A7C35D2006FE231 /* CarsLogoCollectionView */ = {
			isa = PBXGroup;
			children = (
				04A2142A2A7C35EF006FE231 /* CarsLogoCollectionView.swift */,
				04A2142C2A7C366E006FE231 /* CarsLogoCollectionViewFlowLayout.swift */,
				04A2142E2A7C373B006FE231 /* CarsLogoCell.swift */,
			);
			path = CarsLogoCollectionView;
			sourceTree = "<group>";
		};
		04A214302A7C3F9E006FE231 /* CarsCollectionView */ = {
			isa = PBXGroup;
			children = (
				04A214312A7C3FB6006FE231 /* CarsColletcionView.swift */,
				04A214332A7C4009006FE231 /* CarsCollectionViewFlowLayout.swift */,
				04A214352A7C40A2006FE231 /* CarsCell.swift */,
			);
			path = CarsCollectionView;
			sourceTree = "<group>";
		};
		04A214372A7C40E1006FE231 /* Models */ = {
			isa = PBXGroup;
			children = (
				04A214382A7C40EF006FE231 /* CarsModel.swift */,
				04A2143F2A7D851A006FE231 /* MokCars.swift */,
			);
			path = Models;
			sourceTree = "<group>";
		};
		04A2143A2A7C4927006FE231 /* BaseElementUI */ = {
			isa = PBXGroup;
			children = (
				04A2143B2A7C494B006FE231 /* BaseLabel.swift */,
			);
			path = BaseElementUI;
			sourceTree = "<group>";
		};
		04A214412A7D9BEA006FE231 /* DetailsScreen */ = {
			isa = PBXGroup;
			children = (
				04A214432A7D9C40006FE231 /* View */,
				04A214422A7D9C36006FE231 /* Controller */,
			);
			path = DetailsScreen;
			sourceTree = "<group>";
		};
		04A214422A7D9C36006FE231 /* Controller */ = {
			isa = PBXGroup;
			children = (
				04A214442A7D9C58006FE231 /* DetailsViewController.swift */,
			);
			path = Controller;
			sourceTree = "<group>";
		};
		04A214432A7D9C40006FE231 /* View */ = {
			isa = PBXGroup;
			children = (
				04A214482A7DA3D5006FE231 /* ImagesCollectionView */,
				04A214462A7D9C93006FE231 /* DetailsView.swift */,
			);
			path = View;
			sourceTree = "<group>";
		};
		04A214482A7DA3D5006FE231 /* ImagesCollectionView */ = {
			isa = PBXGroup;
			children = (
				04A214492A7DA3FA006FE231 /* ImagesCollectionView.swift */,
				04A2144B2A7DA435006FE231 /* ImagesCollectionViewFlowLayout.swift */,
				04A2144D2A7DA47F006FE231 /* ImagesCell.swift */,
			);
			path = ImagesCollectionView;
			sourceTree = "<group>";
		};
/* End PBXGroup section */

/* Begin PBXNativeTarget section */
		04A2140A2A7C2D61006FE231 /* CarsMarketApp_TestTask */ = {
			isa = PBXNativeTarget;
			buildConfigurationList = 04A2141F2A7C2D64006FE231 /* Build configuration list for PBXNativeTarget "CarsMarketApp_TestTask" */;
			buildPhases = (
				04A214072A7C2D61006FE231 /* Sources */,
				04A214082A7C2D61006FE231 /* Frameworks */,
				04A214092A7C2D61006FE231 /* Resources */,
			);
			buildRules = (
			);
			dependencies = (
			);
			name = CarsMarketApp_TestTask;
			productName = CarsMarketApp_TestTask;
			productReference = 04A2140B2A7C2D61006FE231 /* CarsMarketApp_TestTask.app */;
			productType = "com.apple.product-type.application";
		};
/* End PBXNativeTarget section */

/* Begin PBXProject section */
		04A214032A7C2D61006FE231 /* Project object */ = {
			isa = PBXProject;
			attributes = {
				BuildIndependentTargetsInParallel = 1;
				LastSwiftUpdateCheck = 1430;
				LastUpgradeCheck = 1430;
				TargetAttributes = {
					04A2140A2A7C2D61006FE231 = {
						CreatedOnToolsVersion = 14.3;
					};
				};
			};
			buildConfigurationList = 04A214062A7C2D61006FE231 /* Build configuration list for PBXProject "CarsMarketApp_TestTask" */;
			compatibilityVersion = "Xcode 14.0";
			developmentRegion = en;
			hasScannedForEncodings = 0;
			knownRegions = (
				en,
				Base,
			);
			mainGroup = 04A214022A7C2D61006FE231;
			productRefGroup = 04A2140C2A7C2D61006FE231 /* Products */;
			projectDirPath = "";
			projectRoot = "";
			targets = (
				04A2140A2A7C2D61006FE231 /* CarsMarketApp_TestTask */,
			);
		};
/* End PBXProject section */

/* Begin PBXResourcesBuildPhase section */
		04A214092A7C2D61006FE231 /* Resources */ = {
			isa = PBXResourcesBuildPhase;
			buildActionMask = 2147483647;
			files = (
				04A2141B2A7C2D64006FE231 /* LaunchScreen.storyboard in Resources */,
				04A214182A7C2D64006FE231 /* Assets.xcassets in Resources */,
			);
			runOnlyForDeploymentPostprocessing = 0;
		};
/* End PBXResourcesBuildPhase section */

/* Begin PBXSourcesBuildPhase section */
		04A214072A7C2D61006FE231 /* Sources */ = {
			isa = PBXSourcesBuildPhase;
			buildActionMask = 2147483647;
			files = (
				04A214392A7C40EF006FE231 /* CarsModel.swift in Sources */,
				04A214402A7D851A006FE231 /* MokCars.swift in Sources */,
				04A2144A2A7DA3FA006FE231 /* ImagesCollectionView.swift in Sources */,
				04A2144E2A7DA47F006FE231 /* ImagesCell.swift in Sources */,
				04A2143C2A7C494B006FE231 /* BaseLabel.swift in Sources */,
				04A2142D2A7C366E006FE231 /* CarsLogoCollectionViewFlowLayout.swift in Sources */,
				04A214132A7C2D61006FE231 /* MainScreenViewController.swift in Sources */,
				04A2142B2A7C35EF006FE231 /* CarsLogoCollectionView.swift in Sources */,
				04A214322A7C3FB6006FE231 /* CarsColletcionView.swift in Sources */,
				04A214342A7C4009006FE231 /* CarsCollectionViewFlowLayout.swift in Sources */,
				04A2140F2A7C2D61006FE231 /* AppDelegate.swift in Sources */,
				04A214362A7C40A2006FE231 /* CarsCell.swift in Sources */,
				04A2144C2A7DA435006FE231 /* ImagesCollectionViewFlowLayout.swift in Sources */,
				04A2142F2A7C373B006FE231 /* CarsLogoCell.swift in Sources */,
				04A214472A7D9C93006FE231 /* DetailsView.swift in Sources */,
				04A214452A7D9C58006FE231 /* DetailsViewController.swift in Sources */,
				04A214112A7C2D61006FE231 /* SceneDelegate.swift in Sources */,
				04A214282A7C30ED006FE231 /* MainScreenView.swift in Sources */,
			);
			runOnlyForDeploymentPostprocessing = 0;
		};
/* End PBXSourcesBuildPhase section */

/* Begin PBXVariantGroup section */
		04A214192A7C2D64006FE231 /* LaunchScreen.storyboard */ = {
			isa = PBXVariantGroup;
			children = (
				04A2141A2A7C2D64006FE231 /* Base */,
			);
			name = LaunchScreen.storyboard;
			sourceTree = "<group>";
		};
/* End PBXVariantGroup section */

/* Begin XCBuildConfiguration section */
		04A2141D2A7C2D64006FE231 /* Debug */ = {
			isa = XCBuildConfiguration;
			buildSettings = {
				ALWAYS_SEARCH_USER_PATHS = NO;
				CLANG_ANALYZER_NONNULL = YES;
				CLANG_ANALYZER_NUMBER_OBJECT_CONVERSION = YES_AGGRESSIVE;
				CLANG_CXX_LANGUAGE_STANDARD = "gnu++20";
				CLANG_ENABLE_MODULES = YES;
				CLANG_ENABLE_OBJC_ARC = YES;
				CLANG_ENABLE_OBJC_WEAK = YES;
				CLANG_WARN_BLOCK_CAPTURE_AUTORELEASING = YES;
				CLANG_WARN_BOOL_CONVERSION = YES;
				CLANG_WARN_COMMA = YES;
				CLANG_WARN_CONSTANT_CONVERSION = YES;
				CLANG_WARN_DEPRECATED_OBJC_IMPLEMENTATIONS = YES;
				CLANG_WARN_DIRECT_OBJC_ISA_USAGE = YES_ERROR;
				CLANG_WARN_DOCUMENTATION_COMMENTS = YES;
				CLANG_WARN_EMPTY_BODY = YES;
				CLANG_WARN_ENUM_CONVERSION = YES;
				CLANG_WARN_INFINITE_RECURSION = YES;
				CLANG_WARN_INT_CONVERSION = YES;
				CLANG_WARN_NON_LITERAL_NULL_CONVERSION = YES;
				CLANG_WARN_OBJC_IMPLICIT_RETAIN_SELF = YES;
				CLANG_WARN_OBJC_LITERAL_CONVERSION = YES;
				CLANG_WARN_OBJC_ROOT_CLASS = YES_ERROR;
				CLANG_WARN_QUOTED_INCLUDE_IN_FRAMEWORK_HEADER = YES;
				CLANG_WARN_RANGE_LOOP_ANALYSIS = YES;
				CLANG_WARN_STRICT_PROTOTYPES = YES;
				CLANG_WARN_SUSPICIOUS_MOVE = YES;
				CLANG_WARN_UNGUARDED_AVAILABILITY = YES_AGGRESSIVE;
				CLANG_WARN_UNREACHABLE_CODE = YES;
				CLANG_WARN__DUPLICATE_METHOD_MATCH = YES;
				COPY_PHASE_STRIP = NO;
				DEBUG_INFORMATION_FORMAT = dwarf;
				ENABLE_STRICT_OBJC_MSGSEND = YES;
				ENABLE_TESTABILITY = YES;
				GCC_C_LANGUAGE_STANDARD = gnu11;
				GCC_DYNAMIC_NO_PIC = NO;
				GCC_NO_COMMON_BLOCKS = YES;
				GCC_OPTIMIZATION_LEVEL = 0;
				GCC_PREPROCESSOR_DEFINITIONS = (
					"DEBUG=1",
					"$(inherited)",
				);
				GCC_WARN_64_TO_32_BIT_CONVERSION = YES;
				GCC_WARN_ABOUT_RETURN_TYPE = YES_ERROR;
				GCC_WARN_UNDECLARED_SELECTOR = YES;
				GCC_WARN_UNINITIALIZED_AUTOS = YES_AGGRESSIVE;
				GCC_WARN_UNUSED_FUNCTION = YES;
				GCC_WARN_UNUSED_VARIABLE = YES;
				IPHONEOS_DEPLOYMENT_TARGET = 16.4;
				MTL_ENABLE_DEBUG_INFO = INCLUDE_SOURCE;
				MTL_FAST_MATH = YES;
				ONLY_ACTIVE_ARCH = YES;
				SDKROOT = iphoneos;
				SWIFT_ACTIVE_COMPILATION_CONDITIONS = DEBUG;
				SWIFT_OPTIMIZATION_LEVEL = "-Onone";
			};
			name = Debug;
		};
		04A2141E2A7C2D64006FE231 /* Release */ = {
			isa = XCBuildConfiguration;
			buildSettings = {
				ALWAYS_SEARCH_USER_PATHS = NO;
				CLANG_ANALYZER_NONNULL = YES;
				CLANG_ANALYZER_NUMBER_OBJECT_CONVERSION = YES_AGGRESSIVE;
				CLANG_CXX_LANGUAGE_STANDARD = "gnu++20";
				CLANG_ENABLE_MODULES = YES;
				CLANG_ENABLE_OBJC_ARC = YES;
				CLANG_ENABLE_OBJC_WEAK = YES;
				CLANG_WARN_BLOCK_CAPTURE_AUTORELEASING = YES;
				CLANG_WARN_BOOL_CONVERSION = YES;
				CLANG_WARN_COMMA = YES;
				CLANG_WARN_CONSTANT_CONVERSION = YES;
				CLANG_WARN_DEPRECATED_OBJC_IMPLEMENTATIONS = YES;
				CLANG_WARN_DIRECT_OBJC_ISA_USAGE = YES_ERROR;
				CLANG_WARN_DOCUMENTATION_COMMENTS = YES;
				CLANG_WARN_EMPTY_BODY = YES;
				CLANG_WARN_ENUM_CONVERSION = YES;
				CLANG_WARN_INFINITE_RECURSION = YES;
				CLANG_WARN_INT_CONVERSION = YES;
				CLANG_WARN_NON_LITERAL_NULL_CONVERSION = YES;
				CLANG_WARN_OBJC_IMPLICIT_RETAIN_SELF = YES;
				CLANG_WARN_OBJC_LITERAL_CONVERSION = YES;
				CLANG_WARN_OBJC_ROOT_CLASS = YES_ERROR;
				CLANG_WARN_QUOTED_INCLUDE_IN_FRAMEWORK_HEADER = YES;
				CLANG_WARN_RANGE_LOOP_ANALYSIS = YES;
				CLANG_WARN_STRICT_PROTOTYPES = YES;
				CLANG_WARN_SUSPICIOUS_MOVE = YES;
				CLANG_WARN_UNGUARDED_AVAILABILITY = YES_AGGRESSIVE;
				CLANG_WARN_UNREACHABLE_CODE = YES;
				CLANG_WARN__DUPLICATE_METHOD_MATCH = YES;
				COPY_PHASE_STRIP = NO;
				DEBUG_INFORMATION_FORMAT = "dwarf-with-dsym";
				ENABLE_NS_ASSERTIONS = NO;
				ENABLE_STRICT_OBJC_MSGSEND = YES;
				GCC_C_LANGUAGE_STANDARD = gnu11;
				GCC_NO_COMMON_BLOCKS = YES;
				GCC_WARN_64_TO_32_BIT_CONVERSION = YES;
				GCC_WARN_ABOUT_RETURN_TYPE = YES_ERROR;
				GCC_WARN_UNDECLARED_SELECTOR = YES;
				GCC_WARN_UNINITIALIZED_AUTOS = YES_AGGRESSIVE;
				GCC_WARN_UNUSED_FUNCTION = YES;
				GCC_WARN_UNUSED_VARIABLE = YES;
				IPHONEOS_DEPLOYMENT_TARGET = 16.4;
				MTL_ENABLE_DEBUG_INFO = NO;
				MTL_FAST_MATH = YES;
				SDKROOT = iphoneos;
				SWIFT_COMPILATION_MODE = wholemodule;
				SWIFT_OPTIMIZATION_LEVEL = "-O";
				VALIDATE_PRODUCT = YES;
			};
			name = Release;
		};
		04A214202A7C2D64006FE231 /* Debug */ = {
			isa = XCBuildConfiguration;
			buildSettings = {
				ASSETCATALOG_COMPILER_APPICON_NAME = AppIcon;
				ASSETCATALOG_COMPILER_GLOBAL_ACCENT_COLOR_NAME = AccentColor;
				CODE_SIGN_STYLE = Automatic;
				CURRENT_PROJECT_VERSION = 1;
				DEVELOPMENT_TEAM = 779ZY47A99;
				GENERATE_INFOPLIST_FILE = YES;
				INFOPLIST_FILE = CarsMarketApp_TestTask/Info.plist;
				INFOPLIST_KEY_UIApplicationSupportsIndirectInputEvents = YES;
				INFOPLIST_KEY_UILaunchStoryboardName = LaunchScreen;
				INFOPLIST_KEY_UIMainStoryboardFile = "";
				INFOPLIST_KEY_UISupportedInterfaceOrientations = "UIInterfaceOrientationLandscapeLeft UIInterfaceOrientationLandscapeRight UIInterfaceOrientationPortrait";
				INFOPLIST_KEY_UISupportedInterfaceOrientations_iPad = "UIInterfaceOrientationLandscapeLeft UIInterfaceOrientationLandscapeRight UIInterfaceOrientationPortrait UIInterfaceOrientationPortraitUpsideDown";
				LD_RUNPATH_SEARCH_PATHS = (
					"$(inherited)",
					"@executable_path/Frameworks",
				);
				MARKETING_VERSION = 1.0;
				PRODUCT_BUNDLE_IDENTIFIER = "AleksandrKorotkov.CarsMarketApp-TestTask";
				PRODUCT_NAME = "$(TARGET_NAME)";
				SUPPORTED_PLATFORMS = "iphoneos iphonesimulator";
				SUPPORTS_MACCATALYST = NO;
				SUPPORTS_MAC_DESIGNED_FOR_IPHONE_IPAD = NO;
				SWIFT_EMIT_LOC_STRINGS = YES;
				SWIFT_VERSION = 5.0;
				TARGETED_DEVICE_FAMILY = 1;
			};
			name = Debug;
		};
		04A214212A7C2D64006FE231 /* Release */ = {
			isa = XCBuildConfiguration;
			buildSettings = {
				ASSETCATALOG_COMPILER_APPICON_NAME = AppIcon;
				ASSETCATALOG_COMPILER_GLOBAL_ACCENT_COLOR_NAME = AccentColor;
				CODE_SIGN_STYLE = Automatic;
				CURRENT_PROJECT_VERSION = 1;
				DEVELOPMENT_TEAM = 779ZY47A99;
				GENERATE_INFOPLIST_FILE = YES;
				INFOPLIST_FILE = CarsMarketApp_TestTask/Info.plist;
				INFOPLIST_KEY_UIApplicationSupportsIndirectInputEvents = YES;
				INFOPLIST_KEY_UILaunchStoryboardName = LaunchScreen;
				INFOPLIST_KEY_UIMainStoryboardFile = "";
				INFOPLIST_KEY_UISupportedInterfaceOrientations = "UIInterfaceOrientationLandscapeLeft UIInterfaceOrientationLandscapeRight UIInterfaceOrientationPortrait";
				INFOPLIST_KEY_UISupportedInterfaceOrientations_iPad = "UIInterfaceOrientationLandscapeLeft UIInterfaceOrientationLandscapeRight UIInterfaceOrientationPortrait UIInterfaceOrientationPortraitUpsideDown";
				LD_RUNPATH_SEARCH_PATHS = (
					"$(inherited)",
					"@executable_path/Frameworks",
				);
				MARKETING_VERSION = 1.0;
				PRODUCT_BUNDLE_IDENTIFIER = "AleksandrKorotkov.CarsMarketApp-TestTask";
				PRODUCT_NAME = "$(TARGET_NAME)";
				SUPPORTED_PLATFORMS = "iphoneos iphonesimulator";
				SUPPORTS_MACCATALYST = NO;
				SUPPORTS_MAC_DESIGNED_FOR_IPHONE_IPAD = NO;
				SWIFT_EMIT_LOC_STRINGS = YES;
				SWIFT_VERSION = 5.0;
				TARGETED_DEVICE_FAMILY = 1;
			};
			name = Release;
		};
/* End XCBuildConfiguration section */

/* Begin XCConfigurationList section */
		04A214062A7C2D61006FE231 /* Build configuration list for PBXProject "CarsMarketApp_TestTask" */ = {
			isa = XCConfigurationList;
			buildConfigurations = (
				04A2141D2A7C2D64006FE231 /* Debug */,
				04A2141E2A7C2D64006FE231 /* Release */,
			);
			defaultConfigurationIsVisible = 0;
			defaultConfigurationName = Release;
		};
		04A2141F2A7C2D64006FE231 /* Build configuration list for PBXNativeTarget "CarsMarketApp_TestTask" */ = {
			isa = XCConfigurationList;
			buildConfigurations = (
				04A214202A7C2D64006FE231 /* Debug */,
				04A214212A7C2D64006FE231 /* Release */,
			);
			defaultConfigurationIsVisible = 0;
			defaultConfigurationName = Release;
		};
/* End XCConfigurationList section */
	};
	rootObject = 04A214032A7C2D61006FE231 /* Project object */;
}
